// !$*UTF8*$!
{
	archiveVersion = 1;
	classes = {
	};
	objectVersion = 77;
	objects = {

/* Begin PBXContainerItemProxy section */
		A0563FE22D2C45AB00EF6B74 /* PBXContainerItemProxy */ = {
			isa = PBXContainerItemProxy;
			containerPortal = A0563FC92D2C45AB00EF6B74 /* Project object */;
			proxyType = 1;
			remoteGlobalIDString = A0563FD02D2C45AB00EF6B74;
			remoteInfo = "Dog Food Tracker";
		};
		A0563FEC2D2C45AC00EF6B74 /* PBXContainerItemProxy */ = {
			isa = PBXContainerItemProxy;
			containerPortal = A0563FC92D2C45AB00EF6B74 /* Project object */;
			proxyType = 1;
			remoteGlobalIDString = A0563FD02D2C45AB00EF6B74;
			remoteInfo = "Dog Food Tracker";
		};
/* End PBXContainerItemProxy section */

/* Begin PBXFileReference section */
		A0563FD12D2C45AB00EF6B74 /* Dog Food Tracker.app */ = {isa = PBXFileReference; explicitFileType = wrapper.application; includeInIndex = 0; path = "Dog Food Tracker.app"; sourceTree = BUILT_PRODUCTS_DIR; };
		A0563FE12D2C45AB00EF6B74 /* Dog Food TrackerTests.xctest */ = {isa = PBXFileReference; explicitFileType = wrapper.cfbundle; includeInIndex = 0; path = "Dog Food TrackerTests.xctest"; sourceTree = BUILT_PRODUCTS_DIR; };
		A0563FEB2D2C45AC00EF6B74 /* Dog Food TrackerUITests.xctest */ = {isa = PBXFileReference; explicitFileType = wrapper.cfbundle; includeInIndex = 0; path = "Dog Food TrackerUITests.xctest"; sourceTree = BUILT_PRODUCTS_DIR; };
/* End PBXFileReference section */

/* Begin PBXFileSystemSynchronizedRootGroup section */
		A0563FD32D2C45AB00EF6B74 /* Dog Food Tracker */ = {
			isa = PBXFileSystemSynchronizedRootGroup;
			path = "Dog Food Tracker";
			sourceTree = "<group>";
		};
		A0563FE42D2C45AC00EF6B74 /* Dog Food TrackerTests */ = {
			isa = PBXFileSystemSynchronizedRootGroup;
			path = "Dog Food TrackerTests";
			sourceTree = "<group>";
		};
		A0563FEE2D2C45AC00EF6B74 /* Dog Food TrackerUITests */ = {
			isa = PBXFileSystemSynchronizedRootGroup;
			path = "Dog Food TrackerUITests";
			sourceTree = "<group>";
		};
/* End PBXFileSystemSynchronizedRootGroup section */

/* Begin PBXFrameworksBuildPhase section */
		A0563FCE2D2C45AB00EF6B74 /* Frameworks */ = {
			isa = PBXFrameworksBuildPhase;
			buildActionMask = 2147483647;
			files = (
			);
			runOnlyForDeploymentPostprocessing = 0;
		};
		A0563FDE2D2C45AB00EF6B74 /* Frameworks */ = {
			isa = PBXFrameworksBuildPhase;
			buildActionMask = 2147483647;
			files = (
			);
			runOnlyForDeploymentPostprocessing = 0;
		};
		A0563FE82D2C45AC00EF6B74 /* Frameworks */ = {
			isa = PBXFrameworksBuildPhase;
			buildActionMask = 2147483647;
			files = (
			);
			runOnlyForDeploymentPostprocessing = 0;
		};
/* End PBXFrameworksBuildPhase section */

/* Begin PBXGroup section */
		A0563FC82D2C45AB00EF6B74 = {
			isa = PBXGroup;
			children = (
				A0563FD32D2C45AB00EF6B74 /* Dog Food Tracker */,
				A0563FE42D2C45AC00EF6B74 /* Dog Food TrackerTests */,
				A0563FEE2D2C45AC00EF6B74 /* Dog Food TrackerUITests */,
				A0563FD22D2C45AB00EF6B74 /* Products */,
			);
			sourceTree = "<group>";
		};
		A0563FD22D2C45AB00EF6B74 /* Products */ = {
			isa = PBXGroup;
			children = (
				A0563FD12D2C45AB00EF6B74 /* Dog Food Tracker.app */,
				A0563FE12D2C45AB00EF6B74 /* Dog Food TrackerTests.xctest */,
				A0563FEB2D2C45AC00EF6B74 /* Dog Food TrackerUITests.xctest */,
			);
			name = Products;
			sourceTree = "<group>";
		};
/* End PBXGroup section */

/* Begin PBXNativeTarget section */
		A0563FD02D2C45AB00EF6B74 /* Dog Food Tracker */ = {
			isa = PBXNativeTarget;
			buildConfigurationList = A0563FF52D2C45AC00EF6B74 /* Build configuration list for PBXNativeTarget "Dog Food Tracker" */;
			buildPhases = (
				A0563FCD2D2C45AB00EF6B74 /* Sources */,
				A0563FCE2D2C45AB00EF6B74 /* Frameworks */,
				A0563FCF2D2C45AB00EF6B74 /* Resources */,
			);
			buildRules = (
			);
			dependencies = (
			);
			fileSystemSynchronizedGroups = (
				A0563FD32D2C45AB00EF6B74 /* Dog Food Tracker */,
			);
			name = "Dog Food Tracker";
			packageProductDependencies = (
			);
			productName = "Dog Food Tracker";
			productReference = A0563FD12D2C45AB00EF6B74 /* Dog Food Tracker.app */;
			productType = "com.apple.product-type.application";
		};
		A0563FE02D2C45AB00EF6B74 /* Dog Food TrackerTests */ = {
			isa = PBXNativeTarget;
			buildConfigurationList = A0563FF82D2C45AC00EF6B74 /* Build configuration list for PBXNativeTarget "Dog Food TrackerTests" */;
			buildPhases = (
				A0563FDD2D2C45AB00EF6B74 /* Sources */,
				A0563FDE2D2C45AB00EF6B74 /* Frameworks */,
				A0563FDF2D2C45AB00EF6B74 /* Resources */,
			);
			buildRules = (
			);
			dependencies = (
				A0563FE32D2C45AB00EF6B74 /* PBXTargetDependency */,
			);
			fileSystemSynchronizedGroups = (
				A0563FE42D2C45AC00EF6B74 /* Dog Food TrackerTests */,
			);
			name = "Dog Food TrackerTests";
			packageProductDependencies = (
			);
			productName = "Dog Food TrackerTests";
			productReference = A0563FE12D2C45AB00EF6B74 /* Dog Food TrackerTests.xctest */;
			productType = "com.apple.product-type.bundle.unit-test";
		};
		A0563FEA2D2C45AC00EF6B74 /* Dog Food TrackerUITests */ = {
			isa = PBXNativeTarget;
			buildConfigurationList = A0563FFB2D2C45AC00EF6B74 /* Build configuration list for PBXNativeTarget "Dog Food TrackerUITests" */;
			buildPhases = (
				A0563FE72D2C45AC00EF6B74 /* Sources */,
				A0563FE82D2C45AC00EF6B74 /* Frameworks */,
				A0563FE92D2C45AC00EF6B74 /* Resources */,
			);
			buildRules = (
			);
			dependencies = (
				A0563FED2D2C45AC00EF6B74 /* PBXTargetDependency */,
			);
			fileSystemSynchronizedGroups = (
				A0563FEE2D2C45AC00EF6B74 /* Dog Food TrackerUITests */,
			);
			name = "Dog Food TrackerUITests";
			packageProductDependencies = (
			);
			productName = "Dog Food TrackerUITests";
			productReference = A0563FEB2D2C45AC00EF6B74 /* Dog Food TrackerUITests.xctest */;
			productType = "com.apple.product-type.bundle.ui-testing";
		};
/* End PBXNativeTarget section */

/* Begin PBXProject section */
		A0563FC92D2C45AB00EF6B74 /* Project object */ = {
			isa = PBXProject;
			attributes = {
				BuildIndependentTargetsInParallel = 1;
				LastSwiftUpdateCheck = 1620;
				LastUpgradeCheck = 1620;
				TargetAttributes = {
					A0563FD02D2C45AB00EF6B74 = {
						CreatedOnToolsVersion = 16.2;
					};
					A0563FE02D2C45AB00EF6B74 = {
						CreatedOnToolsVersion = 16.2;
						TestTargetID = A0563FD02D2C45AB00EF6B74;
					};
					A0563FEA2D2C45AC00EF6B74 = {
						CreatedOnToolsVersion = 16.2;
						TestTargetID = A0563FD02D2C45AB00EF6B74;
					};
				};
			};
			buildConfigurationList = A0563FCC2D2C45AB00EF6B74 /* Build configuration list for PBXProject "Dog Food Tracker" */;
			developmentRegion = en;
			hasScannedForEncodings = 0;
			knownRegions = (
				en,
				Base,
			);
			mainGroup = A0563FC82D2C45AB00EF6B74;
			minimizedProjectReferenceProxies = 1;
			preferredProjectObjectVersion = 77;
			productRefGroup = A0563FD22D2C45AB00EF6B74 /* Products */;
			projectDirPath = "";
			projectRoot = "";
			targets = (
				A0563FD02D2C45AB00EF6B74 /* Dog Food Tracker */,
				A0563FE02D2C45AB00EF6B74 /* Dog Food TrackerTests */,
				A0563FEA2D2C45AC00EF6B74 /* Dog Food TrackerUITests */,
			);
		};
/* End PBXProject section */

/* Begin PBXResourcesBuildPhase section */
		A0563FCF2D2C45AB00EF6B74 /* Resources */ = {
			isa = PBXResourcesBuildPhase;
			buildActionMask = 2147483647;
			files = (
			);
			runOnlyForDeploymentPostprocessing = 0;
		};
		A0563FDF2D2C45AB00EF6B74 /* Resources */ = {
			isa = PBXResourcesBuildPhase;
			buildActionMask = 2147483647;
			files = (
			);
			runOnlyForDeploymentPostprocessing = 0;
		};
		A0563FE92D2C45AC00EF6B74 /* Resources */ = {
			isa = PBXResourcesBuildPhase;
			buildActionMask = 2147483647;
			files = (
			);
			runOnlyForDeploymentPostprocessing = 0;
		};
/* End PBXResourcesBuildPhase section */

/* Begin PBXSourcesBuildPhase section */
		A0563FCD2D2C45AB00EF6B74 /* Sources */ = {
			isa = PBXSourcesBuildPhase;
			buildActionMask = 2147483647;
			files = (
			);
			runOnlyForDeploymentPostprocessing = 0;
		};
		A0563FDD2D2C45AB00EF6B74 /* Sources */ = {
			isa = PBXSourcesBuildPhase;
			buildActionMask = 2147483647;
			files = (
			);
			runOnlyForDeploymentPostprocessing = 0;
		};
		A0563FE72D2C45AC00EF6B74 /* Sources */ = {
			isa = PBXSourcesBuildPhase;
			buildActionMask = 2147483647;
			files = (
			);
			runOnlyForDeploymentPostprocessing = 0;
		};
/* End PBXSourcesBuildPhase section */

/* Begin PBXTargetDependency section */
		A0563FE32D2C45AB00EF6B74 /* PBXTargetDependency */ = {
			isa = PBXTargetDependency;
			target = A0563FD02D2C45AB00EF6B74 /* Dog Food Tracker */;
			targetProxy = A0563FE22D2C45AB00EF6B74 /* PBXContainerItemProxy */;
		};
		A0563FED2D2C45AC00EF6B74 /* PBXTargetDependency */ = {
			isa = PBXTargetDependency;
			target = A0563FD02D2C45AB00EF6B74 /* Dog Food Tracker */;
			targetProxy = A0563FEC2D2C45AC00EF6B74 /* PBXContainerItemProxy */;
		};
/* End PBXTargetDependency section */

/* Begin XCBuildConfiguration section */
		A0563FF32D2C45AC00EF6B74 /* Debug */ = {
			isa = XCBuildConfiguration;
			buildSettings = {
				ALWAYS_SEARCH_USER_PATHS = NO;
				ASSETCATALOG_COMPILER_GENERATE_SWIFT_ASSET_SYMBOL_EXTENSIONS = YES;
				CLANG_ANALYZER_NONNULL = YES;
				CLANG_ANALYZER_NUMBER_OBJECT_CONVERSION = YES_AGGRESSIVE;
				CLANG_CXX_LANGUAGE_STANDARD = "gnu++20";
				CLANG_ENABLE_MODULES = YES;
				CLANG_ENABLE_OBJC_ARC = YES;
				CLANG_ENABLE_OBJC_WEAK = YES;
				CLANG_WARN_BLOCK_CAPTURE_AUTORELEASING = YES;
				CLANG_WARN_BOOL_CONVERSION = YES;
				CLANG_WARN_COMMA = YES;
				CLANG_WARN_CONSTANT_CONVERSION = YES;
				CLANG_WARN_DEPRECATED_OBJC_IMPLEMENTATIONS = YES;
				CLANG_WARN_DIRECT_OBJC_ISA_USAGE = YES_ERROR;
				CLANG_WARN_DOCUMENTATION_COMMENTS = YES;
				CLANG_WARN_EMPTY_BODY = YES;
				CLANG_WARN_ENUM_CONVERSION = YES;
				CLANG_WARN_INFINITE_RECURSION = YES;
				CLANG_WARN_INT_CONVERSION = YES;
				CLANG_WARN_NON_LITERAL_NULL_CONVERSION = YES;
				CLANG_WARN_OBJC_IMPLICIT_RETAIN_SELF = YES;
				CLANG_WARN_OBJC_LITERAL_CONVERSION = YES;
				CLANG_WARN_OBJC_ROOT_CLASS = YES_ERROR;
				CLANG_WARN_QUOTED_INCLUDE_IN_FRAMEWORK_HEADER = YES;
				CLANG_WARN_RANGE_LOOP_ANALYSIS = YES;
				CLANG_WARN_STRICT_PROTOTYPES = YES;
				CLANG_WARN_SUSPICIOUS_MOVE = YES;
				CLANG_WARN_UNGUARDED_AVAILABILITY = YES_AGGRESSIVE;
				CLANG_WARN_UNREACHABLE_CODE = YES;
				CLANG_WARN__DUPLICATE_METHOD_MATCH = YES;
				COPY_PHASE_STRIP = NO;
				DEBUG_INFORMATION_FORMAT = dwarf;
				ENABLE_STRICT_OBJC_MSGSEND = YES;
				ENABLE_TESTABILITY = YES;
				ENABLE_USER_SCRIPT_SANDBOXING = YES;
				GCC_C_LANGUAGE_STANDARD = gnu17;
				GCC_DYNAMIC_NO_PIC = NO;
				GCC_NO_COMMON_BLOCKS = YES;
				GCC_OPTIMIZATION_LEVEL = 0;
				GCC_PREPROCESSOR_DEFINITIONS = (
					"DEBUG=1",
					"$(inherited)",
				);
				GCC_WARN_64_TO_32_BIT_CONVERSION = YES;
				GCC_WARN_ABOUT_RETURN_TYPE = YES_ERROR;
				GCC_WARN_UNDECLARED_SELECTOR = YES;
				GCC_WARN_UNINITIALIZED_AUTOS = YES_AGGRESSIVE;
				GCC_WARN_UNUSED_FUNCTION = YES;
				GCC_WARN_UNUSED_VARIABLE = YES;
				IPHONEOS_DEPLOYMENT_TARGET = 18.2;
				LOCALIZATION_PREFERS_STRING_CATALOGS = YES;
				MTL_ENABLE_DEBUG_INFO = INCLUDE_SOURCE;
				MTL_FAST_MATH = YES;
				ONLY_ACTIVE_ARCH = YES;
				SDKROOT = iphoneos;
				SWIFT_ACTIVE_COMPILATION_CONDITIONS = "DEBUG $(inherited)";
				SWIFT_OPTIMIZATION_LEVEL = "-Onone";
			};
			name = Debug;
		};
		A0563FF42D2C45AC00EF6B74 /* Release */ = {
			isa = XCBuildConfiguration;
			buildSettings = {
				ALWAYS_SEARCH_USER_PATHS = NO;
				ASSETCATALOG_COMPILER_GENERATE_SWIFT_ASSET_SYMBOL_EXTENSIONS = YES;
				CLANG_ANALYZER_NONNULL = YES;
				CLANG_ANALYZER_NUMBER_OBJECT_CONVERSION = YES_AGGRESSIVE;
				CLANG_CXX_LANGUAGE_STANDARD = "gnu++20";
				CLANG_ENABLE_MODULES = YES;
				CLANG_ENABLE_OBJC_ARC = YES;
				CLANG_ENABLE_OBJC_WEAK = YES;
				CLANG_WARN_BLOCK_CAPTURE_AUTORELEASING = YES;
				CLANG_WARN_BOOL_CONVERSION = YES;
				CLANG_WARN_COMMA = YES;
				CLANG_WARN_CONSTANT_CONVERSION = YES;
				CLANG_WARN_DEPRECATED_OBJC_IMPLEMENTATIONS = YES;
				CLANG_WARN_DIRECT_OBJC_ISA_USAGE = YES_ERROR;
				CLANG_WARN_DOCUMENTATION_COMMENTS = YES;
				CLANG_WARN_EMPTY_BODY = YES;
				CLANG_WARN_ENUM_CONVERSION = YES;
				CLANG_WARN_INFINITE_RECURSION = YES;
				CLANG_WARN_INT_CONVERSION = YES;
				CLANG_WARN_NON_LITERAL_NULL_CONVERSION = YES;
				CLANG_WARN_OBJC_IMPLICIT_RETAIN_SELF = YES;
				CLANG_WARN_OBJC_LITERAL_CONVERSION = YES;
				CLANG_WARN_OBJC_ROOT_CLASS = YES_ERROR;
				CLANG_WARN_QUOTED_INCLUDE_IN_FRAMEWORK_HEADER = YES;
				CLANG_WARN_RANGE_LOOP_ANALYSIS = YES;
				CLANG_WARN_STRICT_PROTOTYPES = YES;
				CLANG_WARN_SUSPICIOUS_MOVE = YES;
				CLANG_WARN_UNGUARDED_AVAILABILITY = YES_AGGRESSIVE;
				CLANG_WARN_UNREACHABLE_CODE = YES;
				CLANG_WARN__DUPLICATE_METHOD_MATCH = YES;
				COPY_PHASE_STRIP = NO;
				DEBUG_INFORMATION_FORMAT = "dwarf-with-dsym";
				ENABLE_NS_ASSERTIONS = NO;
				ENABLE_STRICT_OBJC_MSGSEND = YES;
				ENABLE_USER_SCRIPT_SANDBOXING = YES;
				GCC_C_LANGUAGE_STANDARD = gnu17;
				GCC_NO_COMMON_BLOCKS = YES;
				GCC_WARN_64_TO_32_BIT_CONVERSION = YES;
				GCC_WARN_ABOUT_RETURN_TYPE = YES_ERROR;
				GCC_WARN_UNDECLARED_SELECTOR = YES;
				GCC_WARN_UNINITIALIZED_AUTOS = YES_AGGRESSIVE;
				GCC_WARN_UNUSED_FUNCTION = YES;
				GCC_WARN_UNUSED_VARIABLE = YES;
				IPHONEOS_DEPLOYMENT_TARGET = 18.2;
				LOCALIZATION_PREFERS_STRING_CATALOGS = YES;
				MTL_ENABLE_DEBUG_INFO = NO;
				MTL_FAST_MATH = YES;
				SDKROOT = iphoneos;
				SWIFT_COMPILATION_MODE = wholemodule;
				VALIDATE_PRODUCT = YES;
			};
			name = Release;
		};
		A0563FF62D2C45AC00EF6B74 /* Debug */ = {
			isa = XCBuildConfiguration;
			buildSettings = {
				ASSETCATALOG_COMPILER_APPICON_NAME = AppIcon;
				ASSETCATALOG_COMPILER_GLOBAL_ACCENT_COLOR_NAME = AccentColor;
				CODE_SIGN_ENTITLEMENTS = "Dog Food Tracker/Dog Food Tracker.entitlements";
				CODE_SIGN_STYLE = Automatic;
				CURRENT_PROJECT_VERSION = 1;
				DEVELOPMENT_ASSET_PATHS = "\"Dog Food Tracker/Preview Content\"";
				DEVELOPMENT_TEAM = CVPV8WR9Y3;
				ENABLE_PREVIEWS = YES;
				GENERATE_INFOPLIST_FILE = YES;
				INFOPLIST_KEY_UIApplicationSceneManifest_Generation = YES;
				INFOPLIST_KEY_UIApplicationSupportsIndirectInputEvents = YES;
				INFOPLIST_KEY_UILaunchScreen_Generation = YES;
				INFOPLIST_KEY_UISupportedInterfaceOrientations_iPad = "UIInterfaceOrientationPortrait UIInterfaceOrientationPortraitUpsideDown UIInterfaceOrientationLandscapeLeft UIInterfaceOrientationLandscapeRight";
				INFOPLIST_KEY_UISupportedInterfaceOrientations_iPhone = "UIInterfaceOrientationPortrait UIInterfaceOrientationLandscapeLeft UIInterfaceOrientationLandscapeRight";
				LD_RUNPATH_SEARCH_PATHS = (
					"$(inherited)",
					"@executable_path/Frameworks",
				);
				MARKETING_VERSION = 1.0;
				PRODUCT_BUNDLE_IDENTIFIER = "com.paulba71.Dog-Food-Tracker";
				PRODUCT_NAME = "$(TARGET_NAME)";
				SWIFT_EMIT_LOC_STRINGS = YES;
				SWIFT_VERSION = 5.0;
				TARGETED_DEVICE_FAMILY = "1,2";
			};
			name = Debug;
		};
		A0563FF72D2C45AC00EF6B74 /* Release */ = {
			isa = XCBuildConfiguration;
			buildSettings = {
				ASSETCATALOG_COMPILER_APPICON_NAME = AppIcon;
				ASSETCATALOG_COMPILER_GLOBAL_ACCENT_COLOR_NAME = AccentColor;
				CODE_SIGN_ENTITLEMENTS = "Dog Food Tracker/Dog Food Tracker.entitlements";
				CODE_SIGN_STYLE = Automatic;
				CURRENT_PROJECT_VERSION = 1;
				DEVELOPMENT_ASSET_PATHS = "\"Dog Food Tracker/Preview Content\"";
				DEVELOPMENT_TEAM = CVPV8WR9Y3;
				ENABLE_PREVIEWS = YES;
				GENERATE_INFOPLIST_FILE = YES;
				INFOPLIST_KEY_UIApplicationSceneManifest_Generation = YES;
				INFOPLIST_KEY_UIApplicationSupportsIndirectInputEvents = YES;
				INFOPLIST_KEY_UILaunchScreen_Generation = YES;
				INFOPLIST_KEY_UISupportedInterfaceOrientations_iPad = "UIInterfaceOrientationPortrait UIInterfaceOrientationPortraitUpsideDown UIInterfaceOrientationLandscapeLeft UIInterfaceOrientationLandscapeRight";
				INFOPLIST_KEY_UISupportedInterfaceOrientations_iPhone = "UIInterfaceOrientationPortrait UIInterfaceOrientationLandscapeLeft UIInterfaceOrientationLandscapeRight";
				LD_RUNPATH_SEARCH_PATHS = (
					"$(inherited)",
					"@executable_path/Frameworks",
				);
				MARKETING_VERSION = 1.0;
				PRODUCT_BUNDLE_IDENTIFIER = "com.paulba71.Dog-Food-Tracker";
				PRODUCT_NAME = "$(TARGET_NAME)";
				SWIFT_EMIT_LOC_STRINGS = YES;
				SWIFT_VERSION = 5.0;
				TARGETED_DEVICE_FAMILY = "1,2";
			};
			name = Release;
		};
		A0563FF92D2C45AC00EF6B74 /* Debug */ = {
			isa = XCBuildConfiguration;
			buildSettings = {
				BUNDLE_LOADER = "$(TEST_HOST)";
				CODE_SIGN_STYLE = Automatic;
				CURRENT_PROJECT_VERSION = 1;
				DEVELOPMENT_TEAM = CVPV8WR9Y3;
				GENERATE_INFOPLIST_FILE = YES;
				IPHONEOS_DEPLOYMENT_TARGET = 18.2;
				MARKETING_VERSION = 1.0;
				PRODUCT_BUNDLE_IDENTIFIER = "com.paulba71.Dog-Food-TrackerTests";
				PRODUCT_NAME = "$(TARGET_NAME)";
				SWIFT_EMIT_LOC_STRINGS = NO;
				SWIFT_VERSION = 5.0;
				TARGETED_DEVICE_FAMILY = "1,2";
				TEST_HOST = "$(BUILT_PRODUCTS_DIR)/Dog Food Tracker.app/$(BUNDLE_EXECUTABLE_FOLDER_PATH)/Dog Food Tracker";
			};
			name = Debug;
		};
		A0563FFA2D2C45AC00EF6B74 /* Release */ = {
			isa = XCBuildConfiguration;
			buildSettings = {
				BUNDLE_LOADER = "$(TEST_HOST)";
				CODE_SIGN_STYLE = Automatic;
				CURRENT_PROJECT_VERSION = 1;
				DEVELOPMENT_TEAM = CVPV8WR9Y3;
				GENERATE_INFOPLIST_FILE = YES;
				IPHONEOS_DEPLOYMENT_TARGET = 18.2;
				MARKETING_VERSION = 1.0;
				PRODUCT_BUNDLE_IDENTIFIER = "com.paulba71.Dog-Food-TrackerTests";
				PRODUCT_NAME = "$(TARGET_NAME)";
				SWIFT_EMIT_LOC_STRINGS = NO;
				SWIFT_VERSION = 5.0;
				TARGETED_DEVICE_FAMILY = "1,2";
				TEST_HOST = "$(BUILT_PRODUCTS_DIR)/Dog Food Tracker.app/$(BUNDLE_EXECUTABLE_FOLDER_PATH)/Dog Food Tracker";
			};
			name = Release;
		};
		A0563FFC2D2C45AC00EF6B74 /* Debug */ = {
			isa = XCBuildConfiguration;
			buildSettings = {
				CODE_SIGN_STYLE = Automatic;
				CURRENT_PROJECT_VERSION = 1;
				DEVELOPMENT_TEAM = CVPV8WR9Y3;
				GENERATE_INFOPLIST_FILE = YES;
				MARKETING_VERSION = 1.0;
				PRODUCT_BUNDLE_IDENTIFIER = "com.paulba71.Dog-Food-TrackerUITests";
				PRODUCT_NAME = "$(TARGET_NAME)";
				SWIFT_EMIT_LOC_STRINGS = NO;
				SWIFT_VERSION = 5.0;
				TARGETED_DEVICE_FAMILY = "1,2";
				TEST_TARGET_NAME = "Dog Food Tracker";
			};
			name = Debug;
		};
		A0563FFD2D2C45AC00EF6B74 /* Release */ = {
			isa = XCBuildConfiguration;
			buildSettings = {
				CODE_SIGN_STYLE = Automatic;
				CURRENT_PROJECT_VERSION = 1;
				DEVELOPMENT_TEAM = CVPV8WR9Y3;
				GENERATE_INFOPLIST_FILE = YES;
				MARKETING_VERSION = 1.0;
				PRODUCT_BUNDLE_IDENTIFIER = "com.paulba71.Dog-Food-TrackerUITests";
				PRODUCT_NAME = "$(TARGET_NAME)";
				SWIFT_EMIT_LOC_STRINGS = NO;
				SWIFT_VERSION = 5.0;
				TARGETED_DEVICE_FAMILY = "1,2";
				TEST_TARGET_NAME = "Dog Food Tracker";
			};
			name = Release;
		};
/* End XCBuildConfiguration section */

/* Begin XCConfigurationList section */
		A0563FCC2D2C45AB00EF6B74 /* Build configuration list for PBXProject "Dog Food Tracker" */ = {
			isa = XCConfigurationList;
			buildConfigurations = (
				A0563FF32D2C45AC00EF6B74 /* Debug */,
				A0563FF42D2C45AC00EF6B74 /* Release */,
			);
			defaultConfigurationIsVisible = 0;
			defaultConfigurationName = Release;
		};
		A0563FF52D2C45AC00EF6B74 /* Build configuration list for PBXNativeTarget "Dog Food Tracker" */ = {
			isa = XCConfigurationList;
			buildConfigurations = (
				A0563FF62D2C45AC00EF6B74 /* Debug */,
				A0563FF72D2C45AC00EF6B74 /* Release */,
			);
			defaultConfigurationIsVisible = 0;
			defaultConfigurationName = Release;
		};
		A0563FF82D2C45AC00EF6B74 /* Build configuration list for PBXNativeTarget "Dog Food TrackerTests" */ = {
			isa = XCConfigurationList;
			buildConfigurations = (
				A0563FF92D2C45AC00EF6B74 /* Debug */,
				A0563FFA2D2C45AC00EF6B74 /* Release */,
			);
			defaultConfigurationIsVisible = 0;
			defaultConfigurationName = Release;
		};
		A0563FFB2D2C45AC00EF6B74 /* Build configuration list for PBXNativeTarget "Dog Food TrackerUITests" */ = {
			isa = XCConfigurationList;
			buildConfigurations = (
				A0563FFC2D2C45AC00EF6B74 /* Debug */,
				A0563FFD2D2C45AC00EF6B74 /* Release */,
			);
			defaultConfigurationIsVisible = 0;
			defaultConfigurationName = Release;
		};
/* End XCConfigurationList section */
	};
	rootObject = A0563FC92D2C45AB00EF6B74 /* Project object */;
}
